
Microsoft Visual Studio Solution File, Format Version 12.00
# Visual Studio Version 17
VisualStudioVersion = 17.5.33516.290
MinimumVisualStudioVersion = 10.0.40219.1
Project("{9A19103F-16F7-4668-BE54-9A1E7A4F7556}") = "WsSodimacApi", "WsSodimacApi\WsSodimacApi.csproj", "{D2990418-3940-4064-892F-BE5368B3A971}"
EndProject
Project("{FAE04EC0-301F-11D3-BF4B-00C04F79EFBC}") = "WebSodimac", "WebSodimac\WebSodimac.csproj", "{41C16F5A-59EB-4B63-A766-455DFD085E52}"
EndProject
Global
	GlobalSection(SolutionConfigurationPlatforms) = preSolution
		Debug|Any CPU = Debug|Any CPU
		Release|Any CPU = Release|Any CPU
	EndGlobalSection
	GlobalSection(ProjectConfigurationPlatforms) = postSolution
		{D2990418-3940-4064-892F-BE5368B3A971}.Debug|Any CPU.ActiveCfg = Debug|Any CPU
		{D2990418-3940-4064-892F-BE5368B3A971}.Debug|Any CPU.Build.0 = Debug|Any CPU
		{D2990418-3940-4064-892F-BE5368B3A971}.Release|Any CPU.ActiveCfg = Release|Any CPU
		{D2990418-3940-4064-892F-BE5368B3A971}.Release|Any CPU.Build.0 = Release|Any CPU
		{41C16F5A-59EB-4B63-A766-455DFD085E52}.Debug|Any CPU.ActiveCfg = Debug|Any CPU
		{41C16F5A-59EB-4B63-A766-455DFD085E52}.Debug|Any CPU.Build.0 = Debug|Any CPU
		{41C16F5A-59EB-4B63-A766-455DFD085E52}.Release|Any CPU.ActiveCfg = Release|Any CPU
		{41C16F5A-59EB-4B63-A766-455DFD085E52}.Release|Any CPU.Build.0 = Release|Any CPU
	EndGlobalSection
	GlobalSection(SolutionProperties) = preSolution
		HideSolutionNode = FALSE
	EndGlobalSection
	GlobalSection(ExtensibilityGlobals) = postSolution
		SolutionGuid = {6AE25CA9-C91E-4E2D-8427-74127912F797}
	EndGlobalSection
EndGlobal
